// !$*UTF8*$!
{
	archiveVersion = 1;
	classes = {
	};
	objectVersion = 50;
	objects = {

/* Begin PBXBuildFile section */
		52FA848724B1A71700010F9B /* AppDelegate.swift in Sources */ = {isa = PBXBuildFile; fileRef = 52FA848624B1A71700010F9B /* AppDelegate.swift */; };
		52FA848924B1A71700010F9B /* SceneDelegate.swift in Sources */ = {isa = PBXBuildFile; fileRef = 52FA848824B1A71700010F9B /* SceneDelegate.swift */; };
		52FA848E24B1A71700010F9B /* Main.storyboard in Resources */ = {isa = PBXBuildFile; fileRef = 52FA848C24B1A71700010F9B /* Main.storyboard */; };
		52FA849024B1A71A00010F9B /* Assets.xcassets in Resources */ = {isa = PBXBuildFile; fileRef = 52FA848F24B1A71A00010F9B /* Assets.xcassets */; };
		52FA849324B1A71A00010F9B /* LaunchScreen.storyboard in Resources */ = {isa = PBXBuildFile; fileRef = 52FA849124B1A71A00010F9B /* LaunchScreen.storyboard */; };
		52FA849B24B1C31D00010F9B /* PaymentsPresenter.swift in Sources */ = {isa = PBXBuildFile; fileRef = 52FA849A24B1C31D00010F9B /* PaymentsPresenter.swift */; };
		52FA849E24B1C33D00010F9B /* PaymentsViewController.swift in Sources */ = {isa = PBXBuildFile; fileRef = 52FA849C24B1C33D00010F9B /* PaymentsViewController.swift */; };
		52FA849F24B1C33D00010F9B /* PaymentsViewController.xib in Resources */ = {isa = PBXBuildFile; fileRef = 52FA849D24B1C33D00010F9B /* PaymentsViewController.xib */; };
		52FA84A124B1C44100010F9B /* PaymentsModel.swift in Sources */ = {isa = PBXBuildFile; fileRef = 52FA84A024B1C44100010F9B /* PaymentsModel.swift */; };
		52FA84A324B1D32B00010F9B /* ModuleBuilder.swift in Sources */ = {isa = PBXBuildFile; fileRef = 52FA84A224B1D32B00010F9B /* ModuleBuilder.swift */; };
		52FA84A624B1DB7400010F9B /* PaymentsCollectionViewCell.swift in Sources */ = {isa = PBXBuildFile; fileRef = 52FA84A424B1DB7400010F9B /* PaymentsCollectionViewCell.swift */; };
		52FA84A724B1DB7400010F9B /* PaymentsCell.xib in Resources */ = {isa = PBXBuildFile; fileRef = 52FA84A524B1DB7400010F9B /* PaymentsCell.xib */; };
		52FA84A924B1E88500010F9B /* OpenSans-Bold.ttf in Resources */ = {isa = PBXBuildFile; fileRef = 52FA84A824B1E88500010F9B /* OpenSans-Bold.ttf */; };
		52FA84AB24B1E8A000010F9B /* OpenSans-Regular.ttf in Resources */ = {isa = PBXBuildFile; fileRef = 52FA84AA24B1E8A000010F9B /* OpenSans-Regular.ttf */; };
		52FA84AD24B1E8BF00010F9B /* Ubuntu-Medium.ttf in Resources */ = {isa = PBXBuildFile; fileRef = 52FA84AC24B1E8BF00010F9B /* Ubuntu-Medium.ttf */; };
		52FA84AF24B1FD4C00010F9B /* OpenSans-SemiBold.ttf in Resources */ = {isa = PBXBuildFile; fileRef = 52FA84AE24B1FD4C00010F9B /* OpenSans-SemiBold.ttf */; };
/* End PBXBuildFile section */

/* Begin PBXFileReference section */
		52FA848324B1A71700010F9B /* BankingScreenDemo.app */ = {isa = PBXFileReference; explicitFileType = wrapper.application; includeInIndex = 0; path = BankingScreenDemo.app; sourceTree = BUILT_PRODUCTS_DIR; };
		52FA848624B1A71700010F9B /* AppDelegate.swift */ = {isa = PBXFileReference; lastKnownFileType = sourcecode.swift; path = AppDelegate.swift; sourceTree = "<group>"; };
		52FA848824B1A71700010F9B /* SceneDelegate.swift */ = {isa = PBXFileReference; lastKnownFileType = sourcecode.swift; path = SceneDelegate.swift; sourceTree = "<group>"; };
		52FA848D24B1A71700010F9B /* Base */ = {isa = PBXFileReference; lastKnownFileType = file.storyboard; name = Base; path = Base.lproj/Main.storyboard; sourceTree = "<group>"; };
		52FA848F24B1A71A00010F9B /* Assets.xcassets */ = {isa = PBXFileReference; lastKnownFileType = folder.assetcatalog; path = Assets.xcassets; sourceTree = "<group>"; };
		52FA849224B1A71A00010F9B /* Base */ = {isa = PBXFileReference; lastKnownFileType = file.storyboard; name = Base; path = Base.lproj/LaunchScreen.storyboard; sourceTree = "<group>"; };
		52FA849424B1A71A00010F9B /* Info.plist */ = {isa = PBXFileReference; lastKnownFileType = text.plist.xml; path = Info.plist; sourceTree = "<group>"; };
		52FA849A24B1C31D00010F9B /* PaymentsPresenter.swift */ = {isa = PBXFileReference; lastKnownFileType = sourcecode.swift; path = PaymentsPresenter.swift; sourceTree = "<group>"; };
		52FA849C24B1C33D00010F9B /* PaymentsViewController.swift */ = {isa = PBXFileReference; lastKnownFileType = sourcecode.swift; path = PaymentsViewController.swift; sourceTree = "<group>"; };
		52FA849D24B1C33D00010F9B /* PaymentsViewController.xib */ = {isa = PBXFileReference; lastKnownFileType = file.xib; path = PaymentsViewController.xib; sourceTree = "<group>"; };
		52FA84A024B1C44100010F9B /* PaymentsModel.swift */ = {isa = PBXFileReference; lastKnownFileType = sourcecode.swift; path = PaymentsModel.swift; sourceTree = "<group>"; };
		52FA84A224B1D32B00010F9B /* ModuleBuilder.swift */ = {isa = PBXFileReference; lastKnownFileType = sourcecode.swift; path = ModuleBuilder.swift; sourceTree = "<group>"; };
		52FA84A424B1DB7400010F9B /* PaymentsCollectionViewCell.swift */ = {isa = PBXFileReference; lastKnownFileType = sourcecode.swift; path = PaymentsCollectionViewCell.swift; sourceTree = "<group>"; };
		52FA84A524B1DB7400010F9B /* PaymentsCell.xib */ = {isa = PBXFileReference; lastKnownFileType = file.xib; path = PaymentsCell.xib; sourceTree = "<group>"; };
		52FA84A824B1E88500010F9B /* OpenSans-Bold.ttf */ = {isa = PBXFileReference; lastKnownFileType = file; path = "OpenSans-Bold.ttf"; sourceTree = "<group>"; };
		52FA84AA24B1E8A000010F9B /* OpenSans-Regular.ttf */ = {isa = PBXFileReference; lastKnownFileType = file; path = "OpenSans-Regular.ttf"; sourceTree = "<group>"; };
		52FA84AC24B1E8BF00010F9B /* Ubuntu-Medium.ttf */ = {isa = PBXFileReference; lastKnownFileType = file; path = "Ubuntu-Medium.ttf"; sourceTree = "<group>"; };
		52FA84AE24B1FD4C00010F9B /* OpenSans-SemiBold.ttf */ = {isa = PBXFileReference; lastKnownFileType = file; path = "OpenSans-SemiBold.ttf"; sourceTree = "<group>"; };
/* End PBXFileReference section */

/* Begin PBXFrameworksBuildPhase section */
		52FA848024B1A71700010F9B /* Frameworks */ = {
			isa = PBXFrameworksBuildPhase;
			buildActionMask = 2147483647;
			files = (
			);
			runOnlyForDeploymentPostprocessing = 0;
		};
/* End PBXFrameworksBuildPhase section */

/* Begin PBXGroup section */
		52FA847A24B1A71700010F9B = {
			isa = PBXGroup;
			children = (
				52FA848524B1A71700010F9B /* BankingScreenDemo */,
				52FA848424B1A71700010F9B /* Products */,
			);
			sourceTree = "<group>";
		};
		52FA848424B1A71700010F9B /* Products */ = {
			isa = PBXGroup;
			children = (
				52FA848324B1A71700010F9B /* BankingScreenDemo.app */,
			);
			name = Products;
			sourceTree = "<group>";
		};
		52FA848524B1A71700010F9B /* BankingScreenDemo */ = {
			isa = PBXGroup;
			children = (
				52FA848624B1A71700010F9B /* AppDelegate.swift */,
				52FA848824B1A71700010F9B /* SceneDelegate.swift */,
				52FA84A224B1D32B00010F9B /* ModuleBuilder.swift */,
				52FA84B524B20D4900010F9B /* PayementsModule */,
				52FA848C24B1A71700010F9B /* Main.storyboard */,
				52FA848F24B1A71A00010F9B /* Assets.xcassets */,
				52FA849124B1A71A00010F9B /* LaunchScreen.storyboard */,
				52FA84B024B20D0300010F9B /* Fonts */,
				52FA849424B1A71A00010F9B /* Info.plist */,
			);
			path = BankingScreenDemo;
			sourceTree = "<group>";
		};
		52FA84B024B20D0300010F9B /* Fonts */ = {
			isa = PBXGroup;
			children = (
				52FA84A824B1E88500010F9B /* OpenSans-Bold.ttf */,
				52FA84AA24B1E8A000010F9B /* OpenSans-Regular.ttf */,
				52FA84AE24B1FD4C00010F9B /* OpenSans-SemiBold.ttf */,
				52FA84AC24B1E8BF00010F9B /* Ubuntu-Medium.ttf */,
			);
			path = Fonts;
			sourceTree = "<group>";
		};
		52FA84B124B20D1400010F9B /* Model */ = {
			isa = PBXGroup;
			children = (
				52FA84A024B1C44100010F9B /* PaymentsModel.swift */,
			);
			path = Model;
			sourceTree = "<group>";
		};
		52FA84B224B20D2200010F9B /* View */ = {
			isa = PBXGroup;
			children = (
				52FA849C24B1C33D00010F9B /* PaymentsViewController.swift */,
				52FA849D24B1C33D00010F9B /* PaymentsViewController.xib */,
				52FA84A424B1DB7400010F9B /* PaymentsCollectionViewCell.swift */,
				52FA84A524B1DB7400010F9B /* PaymentsCell.xib */,
			);
			path = View;
			sourceTree = "<group>";
		};
		52FA84B324B20D2700010F9B /* Presenter */ = {
			isa = PBXGroup;
			children = (
				52FA849A24B1C31D00010F9B /* PaymentsPresenter.swift */,
			);
			path = Presenter;
			sourceTree = "<group>";
		};
		52FA84B524B20D4900010F9B /* PayementsModule */ = {
			isa = PBXGroup;
			children = (
				52FA84B124B20D1400010F9B /* Model */,
				52FA84B224B20D2200010F9B /* View */,
				52FA84B324B20D2700010F9B /* Presenter */,
			);
			path = PayementsModule;
			sourceTree = "<group>";
		};
/* End PBXGroup section */

/* Begin PBXNativeTarget section */
		52FA848224B1A71700010F9B /* BankingScreenDemo */ = {
			isa = PBXNativeTarget;
			buildConfigurationList = 52FA849724B1A71A00010F9B /* Build configuration list for PBXNativeTarget "BankingScreenDemo" */;
			buildPhases = (
				52FA847F24B1A71700010F9B /* Sources */,
				52FA848024B1A71700010F9B /* Frameworks */,
				52FA848124B1A71700010F9B /* Resources */,
			);
			buildRules = (
			);
			dependencies = (
			);
			name = BankingScreenDemo;
			productName = BankingScreenDemo;
			productReference = 52FA848324B1A71700010F9B /* BankingScreenDemo.app */;
			productType = "com.apple.product-type.application";
		};
/* End PBXNativeTarget section */

/* Begin PBXProject section */
		52FA847B24B1A71700010F9B /* Project object */ = {
			isa = PBXProject;
			attributes = {
				LastSwiftUpdateCheck = 1150;
				LastUpgradeCheck = 1150;
				ORGANIZATIONNAME = "Vadim Katenin";
				TargetAttributes = {
					52FA848224B1A71700010F9B = {
						CreatedOnToolsVersion = 11.5;
					};
				};
			};
			buildConfigurationList = 52FA847E24B1A71700010F9B /* Build configuration list for PBXProject "BankingScreenDemo" */;
			compatibilityVersion = "Xcode 9.3";
			developmentRegion = en;
			hasScannedForEncodings = 0;
			knownRegions = (
				en,
				Base,
			);
			mainGroup = 52FA847A24B1A71700010F9B;
			productRefGroup = 52FA848424B1A71700010F9B /* Products */;
			projectDirPath = "";
			projectRoot = "";
			targets = (
				52FA848224B1A71700010F9B /* BankingScreenDemo */,
			);
		};
/* End PBXProject section */

/* Begin PBXResourcesBuildPhase section */
		52FA848124B1A71700010F9B /* Resources */ = {
			isa = PBXResourcesBuildPhase;
			buildActionMask = 2147483647;
			files = (
				52FA84A724B1DB7400010F9B /* PaymentsCell.xib in Resources */,
				52FA84AF24B1FD4C00010F9B /* OpenSans-SemiBold.ttf in Resources */,
				52FA849324B1A71A00010F9B /* LaunchScreen.storyboard in Resources */,
				52FA84A924B1E88500010F9B /* OpenSans-Bold.ttf in Resources */,
				52FA84AB24B1E8A000010F9B /* OpenSans-Regular.ttf in Resources */,
				52FA849024B1A71A00010F9B /* Assets.xcassets in Resources */,
				52FA848E24B1A71700010F9B /* Main.storyboard in Resources */,
				52FA84AD24B1E8BF00010F9B /* Ubuntu-Medium.ttf in Resources */,
				52FA849F24B1C33D00010F9B /* PaymentsViewController.xib in Resources */,
			);
			runOnlyForDeploymentPostprocessing = 0;
		};
/* End PBXResourcesBuildPhase section */

/* Begin PBXSourcesBuildPhase section */
		52FA847F24B1A71700010F9B /* Sources */ = {
			isa = PBXSourcesBuildPhase;
			buildActionMask = 2147483647;
			files = (
				52FA849B24B1C31D00010F9B /* PaymentsPresenter.swift in Sources */,
				52FA84A624B1DB7400010F9B /* PaymentsCollectionViewCell.swift in Sources */,
				52FA848724B1A71700010F9B /* AppDelegate.swift in Sources */,
				52FA84A124B1C44100010F9B /* PaymentsModel.swift in Sources */,
				52FA848924B1A71700010F9B /* SceneDelegate.swift in Sources */,
				52FA849E24B1C33D00010F9B /* PaymentsViewController.swift in Sources */,
				52FA84A324B1D32B00010F9B /* ModuleBuilder.swift in Sources */,
			);
			runOnlyForDeploymentPostprocessing = 0;
		};
/* End PBXSourcesBuildPhase section */

/* Begin PBXVariantGroup section */
		52FA848C24B1A71700010F9B /* Main.storyboard */ = {
			isa = PBXVariantGroup;
			children = (
				52FA848D24B1A71700010F9B /* Base */,
			);
			name = Main.storyboard;
			sourceTree = "<group>";
		};
		52FA849124B1A71A00010F9B /* LaunchScreen.storyboard */ = {
			isa = PBXVariantGroup;
			children = (
				52FA849224B1A71A00010F9B /* Base */,
			);
			name = LaunchScreen.storyboard;
			sourceTree = "<group>";
		};
/* End PBXVariantGroup section */

/* Begin XCBuildConfiguration section */
		52FA849524B1A71A00010F9B /* Debug */ = {
			isa = XCBuildConfiguration;
			buildSettings = {
				ALWAYS_SEARCH_USER_PATHS = NO;
				CLANG_ANALYZER_NONNULL = YES;
				CLANG_ANALYZER_NUMBER_OBJECT_CONVERSION = YES_AGGRESSIVE;
				CLANG_CXX_LANGUAGE_STANDARD = "gnu++14";
				CLANG_CXX_LIBRARY = "libc++";
				CLANG_ENABLE_MODULES = YES;
				CLANG_ENABLE_OBJC_ARC = YES;
				CLANG_ENABLE_OBJC_WEAK = YES;
				CLANG_WARN_BLOCK_CAPTURE_AUTORELEASING = YES;
				CLANG_WARN_BOOL_CONVERSION = YES;
				CLANG_WARN_COMMA = YES;
				CLANG_WARN_CONSTANT_CONVERSION = YES;
				CLANG_WARN_DEPRECATED_OBJC_IMPLEMENTATIONS = YES;
				CLANG_WARN_DIRECT_OBJC_ISA_USAGE = YES_ERROR;
				CLANG_WARN_DOCUMENTATION_COMMENTS = YES;
				CLANG_WARN_EMPTY_BODY = YES;
				CLANG_WARN_ENUM_CONVERSION = YES;
				CLANG_WARN_INFINITE_RECURSION = YES;
				CLANG_WARN_INT_CONVERSION = YES;
				CLANG_WARN_NON_LITERAL_NULL_CONVERSION = YES;
				CLANG_WARN_OBJC_IMPLICIT_RETAIN_SELF = YES;
				CLANG_WARN_OBJC_LITERAL_CONVERSION = YES;
				CLANG_WARN_OBJC_ROOT_CLASS = YES_ERROR;
				CLANG_WARN_RANGE_LOOP_ANALYSIS = YES;
				CLANG_WARN_STRICT_PROTOTYPES = YES;
				CLANG_WARN_SUSPICIOUS_MOVE = YES;
				CLANG_WARN_UNGUARDED_AVAILABILITY = YES_AGGRESSIVE;
				CLANG_WARN_UNREACHABLE_CODE = YES;
				CLANG_WARN__DUPLICATE_METHOD_MATCH = YES;
				COPY_PHASE_STRIP = NO;
				DEBUG_INFORMATION_FORMAT = dwarf;
				ENABLE_STRICT_OBJC_MSGSEND = YES;
				ENABLE_TESTABILITY = YES;
				GCC_C_LANGUAGE_STANDARD = gnu11;
				GCC_DYNAMIC_NO_PIC = NO;
				GCC_NO_COMMON_BLOCKS = YES;
				GCC_OPTIMIZATION_LEVEL = 0;
				GCC_PREPROCESSOR_DEFINITIONS = (
					"DEBUG=1",
					"$(inherited)",
				);
				GCC_WARN_64_TO_32_BIT_CONVERSION = YES;
				GCC_WARN_ABOUT_RETURN_TYPE = YES_ERROR;
				GCC_WARN_UNDECLARED_SELECTOR = YES;
				GCC_WARN_UNINITIALIZED_AUTOS = YES_AGGRESSIVE;
				GCC_WARN_UNUSED_FUNCTION = YES;
				GCC_WARN_UNUSED_VARIABLE = YES;
				IPHONEOS_DEPLOYMENT_TARGET = 13.5;
				MTL_ENABLE_DEBUG_INFO = INCLUDE_SOURCE;
				MTL_FAST_MATH = YES;
				ONLY_ACTIVE_ARCH = YES;
				SDKROOT = iphoneos;
				SWIFT_ACTIVE_COMPILATION_CONDITIONS = DEBUG;
				SWIFT_OPTIMIZATION_LEVEL = "-Onone";
			};
			name = Debug;
		};
		52FA849624B1A71A00010F9B /* Release */ = {
			isa = XCBuildConfiguration;
			buildSettings = {
				ALWAYS_SEARCH_USER_PATHS = NO;
				CLANG_ANALYZER_NONNULL = YES;
				CLANG_ANALYZER_NUMBER_OBJECT_CONVERSION = YES_AGGRESSIVE;
				CLANG_CXX_LANGUAGE_STANDARD = "gnu++14";
				CLANG_CXX_LIBRARY = "libc++";
				CLANG_ENABLE_MODULES = YES;
				CLANG_ENABLE_OBJC_ARC = YES;
				CLANG_ENABLE_OBJC_WEAK = YES;
				CLANG_WARN_BLOCK_CAPTURE_AUTORELEASING = YES;
				CLANG_WARN_BOOL_CONVERSION = YES;
				CLANG_WARN_COMMA = YES;
				CLANG_WARN_CONSTANT_CONVERSION = YES;
				CLANG_WARN_DEPRECATED_OBJC_IMPLEMENTATIONS = YES;
				CLANG_WARN_DIRECT_OBJC_ISA_USAGE = YES_ERROR;
				CLANG_WARN_DOCUMENTATION_COMMENTS = YES;
				CLANG_WARN_EMPTY_BODY = YES;
				CLANG_WARN_ENUM_CONVERSION = YES;
				CLANG_WARN_INFINITE_RECURSION = YES;
				CLANG_WARN_INT_CONVERSION = YES;
				CLANG_WARN_NON_LITERAL_NULL_CONVERSION = YES;
				CLANG_WARN_OBJC_IMPLICIT_RETAIN_SELF = YES;
				CLANG_WARN_OBJC_LITERAL_CONVERSION = YES;
				CLANG_WARN_OBJC_ROOT_CLASS = YES_ERROR;
				CLANG_WARN_RANGE_LOOP_ANALYSIS = YES;
				CLANG_WARN_STRICT_PROTOTYPES = YES;
				CLANG_WARN_SUSPICIOUS_MOVE = YES;
				CLANG_WARN_UNGUARDED_AVAILABILITY = YES_AGGRESSIVE;
				CLANG_WARN_UNREACHABLE_CODE = YES;
				CLANG_WARN__DUPLICATE_METHOD_MATCH = YES;
				COPY_PHASE_STRIP = NO;
				DEBUG_INFORMATION_FORMAT = "dwarf-with-dsym";
				ENABLE_NS_ASSERTIONS = NO;
				ENABLE_STRICT_OBJC_MSGSEND = YES;
				GCC_C_LANGUAGE_STANDARD = gnu11;
				GCC_NO_COMMON_BLOCKS = YES;
				GCC_WARN_64_TO_32_BIT_CONVERSION = YES;
				GCC_WARN_ABOUT_RETURN_TYPE = YES_ERROR;
				GCC_WARN_UNDECLARED_SELECTOR = YES;
				GCC_WARN_UNINITIALIZED_AUTOS = YES_AGGRESSIVE;
				GCC_WARN_UNUSED_FUNCTION = YES;
				GCC_WARN_UNUSED_VARIABLE = YES;
				IPHONEOS_DEPLOYMENT_TARGET = 13.5;
				MTL_ENABLE_DEBUG_INFO = NO;
				MTL_FAST_MATH = YES;
				SDKROOT = iphoneos;
				SWIFT_COMPILATION_MODE = wholemodule;
				SWIFT_OPTIMIZATION_LEVEL = "-O";
				VALIDATE_PRODUCT = YES;
			};
			name = Release;
		};
		52FA849824B1A71A00010F9B /* Debug */ = {
			isa = XCBuildConfiguration;
			buildSettings = {
				ASSETCATALOG_COMPILER_APPICON_NAME = AppIcon;
				CODE_SIGN_STYLE = Automatic;
				DEVELOPMENT_TEAM = D83JQSBRML;
				INFOPLIST_FILE = BankingScreenDemo/Info.plist;
				LD_RUNPATH_SEARCH_PATHS = (
					"$(inherited)",
					"@executable_path/Frameworks",
				);
				PRODUCT_BUNDLE_IDENTIFIER = com.vadimkatenin.BankingScreenDemo;
				PRODUCT_NAME = "$(TARGET_NAME)";
				SWIFT_VERSION = 5.0;
				TARGETED_DEVICE_FAMILY = "1,2";
			};
			name = Debug;
		};
		52FA849924B1A71A00010F9B /* Release */ = {
			isa = XCBuildConfiguration;
			buildSettings = {
				ASSETCATALOG_COMPILER_APPICON_NAME = AppIcon;
				CODE_SIGN_STYLE = Automatic;
				DEVELOPMENT_TEAM = D83JQSBRML;
				INFOPLIST_FILE = BankingScreenDemo/Info.plist;
				LD_RUNPATH_SEARCH_PATHS = (
					"$(inherited)",
					"@executable_path/Frameworks",
				);
				PRODUCT_BUNDLE_IDENTIFIER = com.vadimkatenin.BankingScreenDemo;
				PRODUCT_NAME = "$(TARGET_NAME)";
				SWIFT_VERSION = 5.0;
				TARGETED_DEVICE_FAMILY = "1,2";
			};
			name = Release;
		};
/* End XCBuildConfiguration section */

/* Begin XCConfigurationList section */
		52FA847E24B1A71700010F9B /* Build configuration list for PBXProject "BankingScreenDemo" */ = {
			isa = XCConfigurationList;
			buildConfigurations = (
				52FA849524B1A71A00010F9B /* Debug */,
				52FA849624B1A71A00010F9B /* Release */,
			);
			defaultConfigurationIsVisible = 0;
			defaultConfigurationName = Release;
		};
		52FA849724B1A71A00010F9B /* Build configuration list for PBXNativeTarget "BankingScreenDemo" */ = {
			isa = XCConfigurationList;
			buildConfigurations = (
				52FA849824B1A71A00010F9B /* Debug */,
				52FA849924B1A71A00010F9B /* Release */,
			);
			defaultConfigurationIsVisible = 0;
			defaultConfigurationName = Release;
		};
/* End XCConfigurationList section */
	};
	rootObject = 52FA847B24B1A71700010F9B /* Project object */;
}
